
Microsoft Visual Studio Solution File, Format Version 12.00
# Visual Studio 15
VisualStudioVersion = 15.0.25928.0
MinimumVisualStudioVersion = 10.0.40219.1
Project("{FAE04EC0-301F-11D3-BF4B-00C04F79EFBC}") = "Typewriter.ItemTemplates", "src\ItemTemplates\Typewriter.ItemTemplates.csproj", "{417568AF-7B73-4C93-9261-025D69AC89A5}"
EndProject
Project("{FAE04EC0-301F-11D3-BF4B-00C04F79EFBC}") = "Typewriter", "src\Typewriter\Typewriter.csproj", "{0427C151-9B9D-4C77-8A64-68BF2C929595}"
	ProjectSection(ProjectDependencies) = postProject
		{3D74F5FF-AD4C-40A5-9577-5ED378031FF6} = {3D74F5FF-AD4C-40A5-9577-5ED378031FF6}
	EndProjectSection
EndProject
Project("{FAE04EC0-301F-11D3-BF4B-00C04F79EFBC}") = "Typewriter.Tests", "src\Tests\Typewriter.Tests.csproj", "{F583276A-51A1-4DDD-B225-11A5F9A01217}"
EndProject
Project("{FAE04EC0-301F-11D3-BF4B-00C04F79EFBC}") = "Typewriter.CodeModel", "src\CodeModel\Typewriter.CodeModel.csproj", "{4EC6C920-D234-49F1-B17B-98A4DE24FF87}"
EndProject
Project("{FAE04EC0-301F-11D3-BF4B-00C04F79EFBC}") = "Typewriter.Metadata.CodeDom", "src\CodeDom\Typewriter.Metadata.CodeDom.csproj", "{C822D1A9-4C43-4067-A01E-EA38F3138282}"
EndProject
Project("{FAE04EC0-301F-11D3-BF4B-00C04F79EFBC}") = "Typewriter.Metadata", "src\Metadata\Typewriter.Metadata.csproj", "{511E50CC-6073-43EE-9E8B-DD6F584C81A8}"
EndProject
Project("{FAE04EC0-301F-11D3-BF4B-00C04F79EFBC}") = "Typewriter.Metadata.Roslyn", "src\Roslyn\Typewriter.Metadata.Roslyn.csproj", "{3D74F5FF-AD4C-40A5-9577-5ED378031FF6}"
EndProject
Global
	GlobalSection(SolutionConfigurationPlatforms) = preSolution
		Debug|Any CPU = Debug|Any CPU
		Release|Any CPU = Release|Any CPU
	EndGlobalSection
	GlobalSection(ProjectConfigurationPlatforms) = postSolution
		{417568AF-7B73-4C93-9261-025D69AC89A5}.Debug|Any CPU.ActiveCfg = Debug|Any CPU
		{417568AF-7B73-4C93-9261-025D69AC89A5}.Debug|Any CPU.Build.0 = Debug|Any CPU
		{417568AF-7B73-4C93-9261-025D69AC89A5}.Release|Any CPU.ActiveCfg = Release|Any CPU
		{417568AF-7B73-4C93-9261-025D69AC89A5}.Release|Any CPU.Build.0 = Release|Any CPU
		{0427C151-9B9D-4C77-8A64-68BF2C929595}.Debug|Any CPU.ActiveCfg = Debug|Any CPU
		{0427C151-9B9D-4C77-8A64-68BF2C929595}.Debug|Any CPU.Build.0 = Debug|Any CPU
		{0427C151-9B9D-4C77-8A64-68BF2C929595}.Release|Any CPU.ActiveCfg = Release|Any CPU
		{0427C151-9B9D-4C77-8A64-68BF2C929595}.Release|Any CPU.Build.0 = Release|Any CPU
		{F583276A-51A1-4DDD-B225-11A5F9A01217}.Debug|Any CPU.ActiveCfg = Debug|Any CPU
		{F583276A-51A1-4DDD-B225-11A5F9A01217}.Debug|Any CPU.Build.0 = Debug|Any CPU
		{F583276A-51A1-4DDD-B225-11A5F9A01217}.Release|Any CPU.ActiveCfg = Release|Any CPU
		{F583276A-51A1-4DDD-B225-11A5F9A01217}.Release|Any CPU.Build.0 = Release|Any CPU
		{4EC6C920-D234-49F1-B17B-98A4DE24FF87}.Debug|Any CPU.ActiveCfg = Debug|Any CPU
		{4EC6C920-D234-49F1-B17B-98A4DE24FF87}.Debug|Any CPU.Build.0 = Debug|Any CPU
		{4EC6C920-D234-49F1-B17B-98A4DE24FF87}.Release|Any CPU.ActiveCfg = Release|Any CPU
		{4EC6C920-D234-49F1-B17B-98A4DE24FF87}.Release|Any CPU.Build.0 = Release|Any CPU
		{C822D1A9-4C43-4067-A01E-EA38F3138282}.Debug|Any CPU.ActiveCfg = Debug|Any CPU
		{C822D1A9-4C43-4067-A01E-EA38F3138282}.Debug|Any CPU.Build.0 = Debug|Any CPU
		{C822D1A9-4C43-4067-A01E-EA38F3138282}.Release|Any CPU.ActiveCfg = Release|Any CPU
		{C822D1A9-4C43-4067-A01E-EA38F3138282}.Release|Any CPU.Build.0 = Release|Any CPU
		{511E50CC-6073-43EE-9E8B-DD6F584C81A8}.Debug|Any CPU.ActiveCfg = Debug|Any CPU
		{511E50CC-6073-43EE-9E8B-DD6F584C81A8}.Debug|Any CPU.Build.0 = Debug|Any CPU
		{511E50CC-6073-43EE-9E8B-DD6F584C81A8}.Release|Any CPU.ActiveCfg = Release|Any CPU
		{511E50CC-6073-43EE-9E8B-DD6F584C81A8}.Release|Any CPU.Build.0 = Release|Any CPU
		{3D74F5FF-AD4C-40A5-9577-5ED378031FF6}.Debug|Any CPU.ActiveCfg = Debug|Any CPU
		{3D74F5FF-AD4C-40A5-9577-5ED378031FF6}.Debug|Any CPU.Build.0 = Debug|Any CPU
		{3D74F5FF-AD4C-40A5-9577-5ED378031FF6}.Release|Any CPU.ActiveCfg = Release|Any CPU
		{3D74F5FF-AD4C-40A5-9577-5ED378031FF6}.Release|Any CPU.Build.0 = Release|Any CPU
	EndGlobalSection
	GlobalSection(SolutionProperties) = preSolution
		HideSolutionNode = FALSE
	EndGlobalSection
EndGlobal
